
Microsoft Visual Studio Solution File, Format Version 12.00
# Visual Studio 15
VisualStudioVersion = 15.0.27703.2035
MinimumVisualStudioVersion = 10.0.40219.1
Project("{FAE04EC0-301F-11D3-BF4B-00C04F79EFBC}") = "PeopleHR.WebClient", "PeopleHR.WebClient\PeopleHR.WebClient.csproj", "{8523A987-360B-486A-8D67-543A6F343EC2}"
EndProject
Global
	GlobalSection(SolutionConfigurationPlatforms) = preSolution
		Debug|Any CPU = Debug|Any CPU
		Release|Any CPU = Release|Any CPU
	EndGlobalSection
	GlobalSection(ProjectConfigurationPlatforms) = postSolution
		{8523A987-360B-486A-8D67-543A6F343EC2}.Debug|Any CPU.ActiveCfg = Debug|Any CPU
		{8523A987-360B-486A-8D67-543A6F343EC2}.Debug|Any CPU.Build.0 = Debug|Any CPU
		{8523A987-360B-486A-8D67-543A6F343EC2}.Release|Any CPU.ActiveCfg = Release|Any CPU
		{8523A987-360B-486A-8D67-543A6F343EC2}.Release|Any CPU.Build.0 = Release|Any CPU
	EndGlobalSection
	GlobalSection(SolutionProperties) = preSolution
		HideSolutionNode = FALSE
	EndGlobalSection
	GlobalSection(ExtensibilityGlobals) = postSolution
		SolutionGuid = {7E35A937-18D9-4624-8379-36AC675D4DB6}
	EndGlobalSection
EndGlobal
